
Microsoft Visual Studio Solution File, Format Version 12.00
# Visual Studio Version 17
VisualStudioVersion = 17.2.32519.379
MinimumVisualStudioVersion = 10.0.40219.1
Project("{9A19103F-16F7-4668-BE54-9A1E7A4F7556}") = "BEE 1078", "lista 3\BEE 1078.csproj", "{77E13FD2-24E4-4EB4-8DEA-50FC6FD7F0FA}"
EndProject
Project("{9A19103F-16F7-4668-BE54-9A1E7A4F7556}") = "BEE 1079", "BEE 1079\BEE 1079.csproj", "{31584D69-C5A6-4872-A1F0-60BF10934F12}"
EndProject
Project("{FAE04EC0-301F-11D3-BF4B-00C04F79EFBC}") = "BEE  1080", "BEE  1080\BEE  1080.csproj", "{D36F0FBA-BD78-4B01-B00E-B14F63D19A88}"
EndProject
Project("{FAE04EC0-301F-11D3-BF4B-00C04F79EFBC}") = "BEE 1075", "BEE 1075\BEE 1075.csproj", "{376E8284-E55D-40B6-84F5-BF747152D4D3}"
EndProject
Project("{FAE04EC0-301F-11D3-BF4B-00C04F79EFBC}") = "BEE 1094", "BEE 1094\BEE 1094.csproj", "{A4B400C3-5434-47FE-B420-4FBF24D54A27}"
EndProject
Project("{FAE04EC0-301F-11D3-BF4B-00C04F79EFBC}") = "BEE 1095", "BEE 1095\BEE 1095.csproj", "{2DCFD1A3-FFD0-4983-B8A2-FCF49062F3CA}"
EndProject
Project("{FAE04EC0-301F-11D3-BF4B-00C04F79EFBC}") = "BEE 1096", "BEE 1096\BEE 1096.csproj", "{7FCAE937-BAEE-4A14-9496-0266151097AA}"
EndProject
Project("{FAE04EC0-301F-11D3-BF4B-00C04F79EFBC}") = "BEE 1097", "BEE 1097\BEE 1097.csproj", "{4A01C3B6-424B-424F-B370-7ED9BB4606AA}"
EndProject
Project("{FAE04EC0-301F-11D3-BF4B-00C04F79EFBC}") = "BEE 1098", "BEE 1098\BEE 1098.csproj", "{0C04B4F1-2568-496C-8C32-C7B4C3A6BB43}"
EndProject
Project("{FAE04EC0-301F-11D3-BF4B-00C04F79EFBC}") = "BEE 1099", "BEE 1099\BEE 1099.csproj", "{811B69F0-BA07-469C-BFE0-80C6AD14068A}"
EndProject
Project("{FAE04EC0-301F-11D3-BF4B-00C04F79EFBC}") = "BEE 1101", "BEE 1101\BEE 1101.csproj", "{C8971CF7-2ACC-4840-AEB2-1AE0ED8ED890}"
EndProject
Project("{FAE04EC0-301F-11D3-BF4B-00C04F79EFBC}") = "BEE 1113", "BEE 1113\BEE 1113.csproj", "{D21F71B3-535C-4865-866F-12DAE5EA670D}"
EndProject
Project("{FAE04EC0-301F-11D3-BF4B-00C04F79EFBC}") = "BEE 1114", "BEE 1114\BEE 1114.csproj", "{95D555BB-21F2-4B8E-B6CF-E93121EBCAAF}"
EndProject
Project("{FAE04EC0-301F-11D3-BF4B-00C04F79EFBC}") = "BEE 1115", "BEE 1115\BEE 1115.csproj", "{AD838822-174E-4D06-8F0B-E02000484454}"
EndProject
Project("{FAE04EC0-301F-11D3-BF4B-00C04F79EFBC}") = "BEE 1116", "BEE 1116\BEE 1116.csproj", "{9CA30AE4-2328-4E5C-B0EA-EDBA22E4516D}"
EndProject
Project("{FAE04EC0-301F-11D3-BF4B-00C04F79EFBC}") = "BEE 1117", "BEE 1117\BEE 1117.csproj", "{5201155B-8369-48A1-AEDA-1277D279DB1E}"
EndProject
Project("{FAE04EC0-301F-11D3-BF4B-00C04F79EFBC}") = "BEE 1118", "BEE 1118\BEE 1118.csproj", "{73158B65-5DC1-4BD3-BC9B-027ECA76CFE5}"
EndProject
Project("{FAE04EC0-301F-11D3-BF4B-00C04F79EFBC}") = "BEE 1131", "BEE 1131\BEE 1131.csproj", "{DECA3165-4235-460A-AA97-EC33C58DF79B}"
EndProject
Project("{FAE04EC0-301F-11D3-BF4B-00C04F79EFBC}") = "BEE 1132", "BEE 1132\BEE 1132.csproj", "{75B69BD0-4EC6-4525-A4ED-0F2D81372E77}"
EndProject
Project("{FAE04EC0-301F-11D3-BF4B-00C04F79EFBC}") = "BEE 1133", "BEE 1133\BEE 1133.csproj", "{BEF63175-DB33-4ABE-ACA8-7BC6CF768912}"
EndProject
Project("{FAE04EC0-301F-11D3-BF4B-00C04F79EFBC}") = "BEE 1134", "BEE 1134\BEE 1134.csproj", "{BBCE9E58-7F34-4CAC-95C5-D3846ACD9F70}"
EndProject
Project("{FAE04EC0-301F-11D3-BF4B-00C04F79EFBC}") = "BEE 1142", "BEE 1142\BEE 1142.csproj", "{E2611B23-2319-4154-B884-32F2403BFE15}"
EndProject
Project("{FAE04EC0-301F-11D3-BF4B-00C04F79EFBC}") = "BEE 1143", "BEE 1143\BEE 1143.csproj", "{3A567F42-6656-4DB6-B887-1B6BDAB0FE20}"
EndProject
Project("{FAE04EC0-301F-11D3-BF4B-00C04F79EFBC}") = "BEE 1144", "BEE 1144\BEE 1144.csproj", "{FCADBE24-4C27-466A-94F7-990106C7E189}"
EndProject
Project("{FAE04EC0-301F-11D3-BF4B-00C04F79EFBC}") = "BEE 1145", "BEE 1145\BEE 1145.csproj", "{67D91CFA-A0A4-4BCE-9FE7-676528D95A47}"
EndProject
Project("{FAE04EC0-301F-11D3-BF4B-00C04F79EFBC}") = "BEE 1146", "BEE 1146\BEE 1146.csproj", "{E9265A84-0543-4775-AA07-FDE133665337}"
EndProject
Project("{FAE04EC0-301F-11D3-BF4B-00C04F79EFBC}") = "BEE 1150", "BEE 1150\BEE 1150.csproj", "{E6938446-BA8D-4AD0-8F45-2A5C04C74A16}"
EndProject
Project("{FAE04EC0-301F-11D3-BF4B-00C04F79EFBC}") = "BEE 1151", "BEE 1151\BEE 1151.csproj", "{CEFA7249-70D6-4E97-B9B2-7AEAAF72F2AF}"
EndProject
Project("{FAE04EC0-301F-11D3-BF4B-00C04F79EFBC}") = "BEE 1153", "BEE 1153\BEE 1153.csproj", "{E26224AF-F0A8-49F2-A0AE-A5254F30A0A1}"
EndProject
Project("{FAE04EC0-301F-11D3-BF4B-00C04F79EFBC}") = "BEE 1154", "BEE 1154\BEE 1154.csproj", "{6BC10715-5BC3-4B32-905A-83DE85C7DE3A}"
EndProject
Global
	GlobalSection(SolutionConfigurationPlatforms) = preSolution
		Debug|Any CPU = Debug|Any CPU
		Release|Any CPU = Release|Any CPU
	EndGlobalSection
	GlobalSection(ProjectConfigurationPlatforms) = postSolution
		{77E13FD2-24E4-4EB4-8DEA-50FC6FD7F0FA}.Debug|Any CPU.ActiveCfg = Debug|Any CPU
		{77E13FD2-24E4-4EB4-8DEA-50FC6FD7F0FA}.Debug|Any CPU.Build.0 = Debug|Any CPU
		{77E13FD2-24E4-4EB4-8DEA-50FC6FD7F0FA}.Release|Any CPU.ActiveCfg = Release|Any CPU
		{77E13FD2-24E4-4EB4-8DEA-50FC6FD7F0FA}.Release|Any CPU.Build.0 = Release|Any CPU
		{31584D69-C5A6-4872-A1F0-60BF10934F12}.Debug|Any CPU.ActiveCfg = Debug|Any CPU
		{31584D69-C5A6-4872-A1F0-60BF10934F12}.Debug|Any CPU.Build.0 = Debug|Any CPU
		{31584D69-C5A6-4872-A1F0-60BF10934F12}.Release|Any CPU.ActiveCfg = Release|Any CPU
		{31584D69-C5A6-4872-A1F0-60BF10934F12}.Release|Any CPU.Build.0 = Release|Any CPU
		{D36F0FBA-BD78-4B01-B00E-B14F63D19A88}.Debug|Any CPU.ActiveCfg = Debug|Any CPU
		{D36F0FBA-BD78-4B01-B00E-B14F63D19A88}.Debug|Any CPU.Build.0 = Debug|Any CPU
		{D36F0FBA-BD78-4B01-B00E-B14F63D19A88}.Release|Any CPU.ActiveCfg = Release|Any CPU
		{D36F0FBA-BD78-4B01-B00E-B14F63D19A88}.Release|Any CPU.Build.0 = Release|Any CPU
		{376E8284-E55D-40B6-84F5-BF747152D4D3}.Debug|Any CPU.ActiveCfg = Debug|Any CPU
		{376E8284-E55D-40B6-84F5-BF747152D4D3}.Debug|Any CPU.Build.0 = Debug|Any CPU
		{376E8284-E55D-40B6-84F5-BF747152D4D3}.Release|Any CPU.ActiveCfg = Release|Any CPU
		{376E8284-E55D-40B6-84F5-BF747152D4D3}.Release|Any CPU.Build.0 = Release|Any CPU
		{A4B400C3-5434-47FE-B420-4FBF24D54A27}.Debug|Any CPU.ActiveCfg = Debug|Any CPU
		{A4B400C3-5434-47FE-B420-4FBF24D54A27}.Debug|Any CPU.Build.0 = Debug|Any CPU
		{A4B400C3-5434-47FE-B420-4FBF24D54A27}.Release|Any CPU.ActiveCfg = Release|Any CPU
		{A4B400C3-5434-47FE-B420-4FBF24D54A27}.Release|Any CPU.Build.0 = Release|Any CPU
		{2DCFD1A3-FFD0-4983-B8A2-FCF49062F3CA}.Debug|Any CPU.ActiveCfg = Debug|Any CPU
		{2DCFD1A3-FFD0-4983-B8A2-FCF49062F3CA}.Debug|Any CPU.Build.0 = Debug|Any CPU
		{2DCFD1A3-FFD0-4983-B8A2-FCF49062F3CA}.Release|Any CPU.ActiveCfg = Release|Any CPU
		{2DCFD1A3-FFD0-4983-B8A2-FCF49062F3CA}.Release|Any CPU.Build.0 = Release|Any CPU
		{7FCAE937-BAEE-4A14-9496-0266151097AA}.Debug|Any CPU.ActiveCfg = Debug|Any CPU
		{7FCAE937-BAEE-4A14-9496-0266151097AA}.Debug|Any CPU.Build.0 = Debug|Any CPU
		{7FCAE937-BAEE-4A14-9496-0266151097AA}.Release|Any CPU.ActiveCfg = Release|Any CPU
		{7FCAE937-BAEE-4A14-9496-0266151097AA}.Release|Any CPU.Build.0 = Release|Any CPU
		{4A01C3B6-424B-424F-B370-7ED9BB4606AA}.Debug|Any CPU.ActiveCfg = Debug|Any CPU
		{4A01C3B6-424B-424F-B370-7ED9BB4606AA}.Debug|Any CPU.Build.0 = Debug|Any CPU
		{4A01C3B6-424B-424F-B370-7ED9BB4606AA}.Release|Any CPU.ActiveCfg = Release|Any CPU
		{4A01C3B6-424B-424F-B370-7ED9BB4606AA}.Release|Any CPU.Build.0 = Release|Any CPU
		{0C04B4F1-2568-496C-8C32-C7B4C3A6BB43}.Debug|Any CPU.ActiveCfg = Debug|Any CPU
		{0C04B4F1-2568-496C-8C32-C7B4C3A6BB43}.Debug|Any CPU.Build.0 = Debug|Any CPU
		{0C04B4F1-2568-496C-8C32-C7B4C3A6BB43}.Release|Any CPU.ActiveCfg = Release|Any CPU
		{0C04B4F1-2568-496C-8C32-C7B4C3A6BB43}.Release|Any CPU.Build.0 = Release|Any CPU
		{811B69F0-BA07-469C-BFE0-80C6AD14068A}.Debug|Any CPU.ActiveCfg = Debug|Any CPU
		{811B69F0-BA07-469C-BFE0-80C6AD14068A}.Debug|Any CPU.Build.0 = Debug|Any CPU
		{811B69F0-BA07-469C-BFE0-80C6AD14068A}.Release|Any CPU.ActiveCfg = Release|Any CPU
		{811B69F0-BA07-469C-BFE0-80C6AD14068A}.Release|Any CPU.Build.0 = Release|Any CPU
		{C8971CF7-2ACC-4840-AEB2-1AE0ED8ED890}.Debug|Any CPU.ActiveCfg = Debug|Any CPU
		{C8971CF7-2ACC-4840-AEB2-1AE0ED8ED890}.Debug|Any CPU.Build.0 = Debug|Any CPU
		{C8971CF7-2ACC-4840-AEB2-1AE0ED8ED890}.Release|Any CPU.ActiveCfg = Release|Any CPU
		{C8971CF7-2ACC-4840-AEB2-1AE0ED8ED890}.Release|Any CPU.Build.0 = Release|Any CPU
		{D21F71B3-535C-4865-866F-12DAE5EA670D}.Debug|Any CPU.ActiveCfg = Debug|Any CPU
		{D21F71B3-535C-4865-866F-12DAE5EA670D}.Debug|Any CPU.Build.0 = Debug|Any CPU
		{D21F71B3-535C-4865-866F-12DAE5EA670D}.Release|Any CPU.ActiveCfg = Release|Any CPU
		{D21F71B3-535C-4865-866F-12DAE5EA670D}.Release|Any CPU.Build.0 = Release|Any CPU
		{95D555BB-21F2-4B8E-B6CF-E93121EBCAAF}.Debug|Any CPU.ActiveCfg = Debug|Any CPU
		{95D555BB-21F2-4B8E-B6CF-E93121EBCAAF}.Debug|Any CPU.Build.0 = Debug|Any CPU
		{95D555BB-21F2-4B8E-B6CF-E93121EBCAAF}.Release|Any CPU.ActiveCfg = Release|Any CPU
		{95D555BB-21F2-4B8E-B6CF-E93121EBCAAF}.Release|Any CPU.Build.0 = Release|Any CPU
		{AD838822-174E-4D06-8F0B-E02000484454}.Debug|Any CPU.ActiveCfg = Debug|Any CPU
		{AD838822-174E-4D06-8F0B-E02000484454}.Debug|Any CPU.Build.0 = Debug|Any CPU
		{AD838822-174E-4D06-8F0B-E02000484454}.Release|Any CPU.ActiveCfg = Release|Any CPU
		{AD838822-174E-4D06-8F0B-E02000484454}.Release|Any CPU.Build.0 = Release|Any CPU
		{9CA30AE4-2328-4E5C-B0EA-EDBA22E4516D}.Debug|Any CPU.ActiveCfg = Debug|Any CPU
		{9CA30AE4-2328-4E5C-B0EA-EDBA22E4516D}.Debug|Any CPU.Build.0 = Debug|Any CPU
		{9CA30AE4-2328-4E5C-B0EA-EDBA22E4516D}.Release|Any CPU.ActiveCfg = Release|Any CPU
		{9CA30AE4-2328-4E5C-B0EA-EDBA22E4516D}.Release|Any CPU.Build.0 = Release|Any CPU
		{5201155B-8369-48A1-AEDA-1277D279DB1E}.Debug|Any CPU.ActiveCfg = Debug|Any CPU
		{5201155B-8369-48A1-AEDA-1277D279DB1E}.Debug|Any CPU.Build.0 = Debug|Any CPU
		{5201155B-8369-48A1-AEDA-1277D279DB1E}.Release|Any CPU.ActiveCfg = Release|Any CPU
		{5201155B-8369-48A1-AEDA-1277D279DB1E}.Release|Any CPU.Build.0 = Release|Any CPU
		{73158B65-5DC1-4BD3-BC9B-027ECA76CFE5}.Debug|Any CPU.ActiveCfg = Debug|Any CPU
		{73158B65-5DC1-4BD3-BC9B-027ECA76CFE5}.Debug|Any CPU.Build.0 = Debug|Any CPU
		{73158B65-5DC1-4BD3-BC9B-027ECA76CFE5}.Release|Any CPU.ActiveCfg = Release|Any CPU
		{73158B65-5DC1-4BD3-BC9B-027ECA76CFE5}.Release|Any CPU.Build.0 = Release|Any CPU
		{DECA3165-4235-460A-AA97-EC33C58DF79B}.Debug|Any CPU.ActiveCfg = Debug|Any CPU
		{DECA3165-4235-460A-AA97-EC33C58DF79B}.Debug|Any CPU.Build.0 = Debug|Any CPU
		{DECA3165-4235-460A-AA97-EC33C58DF79B}.Release|Any CPU.ActiveCfg = Release|Any CPU
		{DECA3165-4235-460A-AA97-EC33C58DF79B}.Release|Any CPU.Build.0 = Release|Any CPU
		{75B69BD0-4EC6-4525-A4ED-0F2D81372E77}.Debug|Any CPU.ActiveCfg = Debug|Any CPU
		{75B69BD0-4EC6-4525-A4ED-0F2D81372E77}.Debug|Any CPU.Build.0 = Debug|Any CPU
		{75B69BD0-4EC6-4525-A4ED-0F2D81372E77}.Release|Any CPU.ActiveCfg = Release|Any CPU
		{75B69BD0-4EC6-4525-A4ED-0F2D81372E77}.Release|Any CPU.Build.0 = Release|Any CPU
		{BEF63175-DB33-4ABE-ACA8-7BC6CF768912}.Debug|Any CPU.ActiveCfg = Debug|Any CPU
		{BEF63175-DB33-4ABE-ACA8-7BC6CF768912}.Debug|Any CPU.Build.0 = Debug|Any CPU
		{BEF63175-DB33-4ABE-ACA8-7BC6CF768912}.Release|Any CPU.ActiveCfg = Release|Any CPU
		{BEF63175-DB33-4ABE-ACA8-7BC6CF768912}.Release|Any CPU.Build.0 = Release|Any CPU
		{BBCE9E58-7F34-4CAC-95C5-D3846ACD9F70}.Debug|Any CPU.ActiveCfg = Debug|Any CPU
		{BBCE9E58-7F34-4CAC-95C5-D3846ACD9F70}.Debug|Any CPU.Build.0 = Debug|Any CPU
		{BBCE9E58-7F34-4CAC-95C5-D3846ACD9F70}.Release|Any CPU.ActiveCfg = Release|Any CPU
		{BBCE9E58-7F34-4CAC-95C5-D3846ACD9F70}.Release|Any CPU.Build.0 = Release|Any CPU
		{E2611B23-2319-4154-B884-32F2403BFE15}.Debug|Any CPU.ActiveCfg = Debug|Any CPU
		{E2611B23-2319-4154-B884-32F2403BFE15}.Debug|Any CPU.Build.0 = Debug|Any CPU
		{E2611B23-2319-4154-B884-32F2403BFE15}.Release|Any CPU.ActiveCfg = Release|Any CPU
		{E2611B23-2319-4154-B884-32F2403BFE15}.Release|Any CPU.Build.0 = Release|Any CPU
		{3A567F42-6656-4DB6-B887-1B6BDAB0FE20}.Debug|Any CPU.ActiveCfg = Debug|Any CPU
		{3A567F42-6656-4DB6-B887-1B6BDAB0FE20}.Debug|Any CPU.Build.0 = Debug|Any CPU
		{3A567F42-6656-4DB6-B887-1B6BDAB0FE20}.Release|Any CPU.ActiveCfg = Release|Any CPU
		{3A567F42-6656-4DB6-B887-1B6BDAB0FE20}.Release|Any CPU.Build.0 = Release|Any CPU
		{FCADBE24-4C27-466A-94F7-990106C7E189}.Debug|Any CPU.ActiveCfg = Debug|Any CPU
		{FCADBE24-4C27-466A-94F7-990106C7E189}.Debug|Any CPU.Build.0 = Debug|Any CPU
		{FCADBE24-4C27-466A-94F7-990106C7E189}.Release|Any CPU.ActiveCfg = Release|Any CPU
		{FCADBE24-4C27-466A-94F7-990106C7E189}.Release|Any CPU.Build.0 = Release|Any CPU
		{67D91CFA-A0A4-4BCE-9FE7-676528D95A47}.Debug|Any CPU.ActiveCfg = Debug|Any CPU
		{67D91CFA-A0A4-4BCE-9FE7-676528D95A47}.Debug|Any CPU.Build.0 = Debug|Any CPU
		{67D91CFA-A0A4-4BCE-9FE7-676528D95A47}.Release|Any CPU.ActiveCfg = Release|Any CPU
		{67D91CFA-A0A4-4BCE-9FE7-676528D95A47}.Release|Any CPU.Build.0 = Release|Any CPU
		{E9265A84-0543-4775-AA07-FDE133665337}.Debug|Any CPU.ActiveCfg = Debug|Any CPU
		{E9265A84-0543-4775-AA07-FDE133665337}.Debug|Any CPU.Build.0 = Debug|Any CPU
		{E9265A84-0543-4775-AA07-FDE133665337}.Release|Any CPU.ActiveCfg = Release|Any CPU
		{E9265A84-0543-4775-AA07-FDE133665337}.Release|Any CPU.Build.0 = Release|Any CPU
		{E6938446-BA8D-4AD0-8F45-2A5C04C74A16}.Debug|Any CPU.ActiveCfg = Debug|Any CPU
		{E6938446-BA8D-4AD0-8F45-2A5C04C74A16}.Debug|Any CPU.Build.0 = Debug|Any CPU
		{E6938446-BA8D-4AD0-8F45-2A5C04C74A16}.Release|Any CPU.ActiveCfg = Release|Any CPU
		{E6938446-BA8D-4AD0-8F45-2A5C04C74A16}.Release|Any CPU.Build.0 = Release|Any CPU
		{CEFA7249-70D6-4E97-B9B2-7AEAAF72F2AF}.Debug|Any CPU.ActiveCfg = Debug|Any CPU
		{CEFA7249-70D6-4E97-B9B2-7AEAAF72F2AF}.Debug|Any CPU.Build.0 = Debug|Any CPU
		{CEFA7249-70D6-4E97-B9B2-7AEAAF72F2AF}.Release|Any CPU.ActiveCfg = Release|Any CPU
		{CEFA7249-70D6-4E97-B9B2-7AEAAF72F2AF}.Release|Any CPU.Build.0 = Release|Any CPU
		{E26224AF-F0A8-49F2-A0AE-A5254F30A0A1}.Debug|Any CPU.ActiveCfg = Debug|Any CPU
		{E26224AF-F0A8-49F2-A0AE-A5254F30A0A1}.Debug|Any CPU.Build.0 = Debug|Any CPU
		{E26224AF-F0A8-49F2-A0AE-A5254F30A0A1}.Release|Any CPU.ActiveCfg = Release|Any CPU
		{E26224AF-F0A8-49F2-A0AE-A5254F30A0A1}.Release|Any CPU.Build.0 = Release|Any CPU
		{6BC10715-5BC3-4B32-905A-83DE85C7DE3A}.Debug|Any CPU.ActiveCfg = Debug|Any CPU
		{6BC10715-5BC3-4B32-905A-83DE85C7DE3A}.Debug|Any CPU.Build.0 = Debug|Any CPU
		{6BC10715-5BC3-4B32-905A-83DE85C7DE3A}.Release|Any CPU.ActiveCfg = Release|Any CPU
		{6BC10715-5BC3-4B32-905A-83DE85C7DE3A}.Release|Any CPU.Build.0 = Release|Any CPU
	EndGlobalSection
	GlobalSection(SolutionProperties) = preSolution
		HideSolutionNode = FALSE
	EndGlobalSection
	GlobalSection(ExtensibilityGlobals) = postSolution
		SolutionGuid = {33775394-9CEE-42A6-A512-F0BFBE967A64}
	EndGlobalSection
EndGlobal
